
Microsoft Visual Studio Solution File, Format Version 12.00
# Visual Studio 15
VisualStudioVersion = 15.0.27130.2027
MinimumVisualStudioVersion = 10.0.40219.1
Project("{FAE04EC0-301F-11D3-BF4B-00C04F79EFBC}") = "傷病紀錄系統", "傷病紀錄系統\傷病紀錄系統.csproj", "{5A0531E8-E002-48C4-9911-618A614BE4AD}"
EndProject
Global
	GlobalSection(SolutionConfigurationPlatforms) = preSolution
		Debug|Any CPU = Debug|Any CPU
		Release|Any CPU = Release|Any CPU
	EndGlobalSection
	GlobalSection(ProjectConfigurationPlatforms) = postSolution
		{5A0531E8-E002-48C4-9911-618A614BE4AD}.Debug|Any CPU.ActiveCfg = Debug|Any CPU
		{5A0531E8-E002-48C4-9911-618A614BE4AD}.Debug|Any CPU.Build.0 = Debug|Any CPU
		{5A0531E8-E002-48C4-9911-618A614BE4AD}.Release|Any CPU.ActiveCfg = Release|Any CPU
		{5A0531E8-E002-48C4-9911-618A614BE4AD}.Release|Any CPU.Build.0 = Release|Any CPU
	EndGlobalSection
	GlobalSection(SolutionProperties) = preSolution
		HideSolutionNode = FALSE
	EndGlobalSection
	GlobalSection(ExtensibilityGlobals) = postSolution
		SolutionGuid = {43AC9EE5-4424-46DA-900E-F24728F5643E}
	EndGlobalSection
EndGlobal
